# THIS IS AN AUTOGENERATED FILE. DO NOT EDIT THIS FILE DIRECTLY.
# yarn lockfile v1


"@babel/code-frame@^7.8.3":
  version "7.8.3"
  resolved "https://registry.yarnpkg.com/@babel/code-frame/-/code-frame-7.8.3.tgz#33e25903d7481181534e12ec0a25f16b6fcf419e"
  dependencies:
    "@babel/highlight" "^7.8.3"

"@babel/generator@^7.8.6":
  version "7.8.6"
  resolved "https://registry.yarnpkg.com/@babel/generator/-/generator-7.8.6.tgz#57adf96d370c9a63c241cd719f9111468578537a"
  dependencies:
    "@babel/types" "^7.8.6"
    jsesc "^2.5.1"
    lodash "^4.17.13"
    source-map "^0.5.0"

"@babel/helper-create-class-features-plugin@^7.8.3":
  version "7.8.6"
  resolved "https://registry.yarnpkg.com/@babel/helper-create-class-features-plugin/-/helper-create-class-features-plugin-7.8.6.tgz#243a5b46e2f8f0f674dc1387631eb6b28b851de0"
  dependencies:
    "@babel/helper-function-name" "^7.8.3"
    "@babel/helper-member-expression-to-functions" "^7.8.3"
    "@babel/helper-optimise-call-expression" "^7.8.3"
    "@babel/helper-plugin-utils" "^7.8.3"
    "@babel/helper-replace-supers" "^7.8.6"
    "@babel/helper-split-export-declaration" "^7.8.3"

"@babel/helper-function-name@^7.8.3":
  version "7.8.3"
  resolved "https://registry.yarnpkg.com/@babel/helper-function-name/-/helper-function-name-7.8.3.tgz#eeeb665a01b1f11068e9fb86ad56a1cb1a824cca"
  dependencies:
    "@babel/helper-get-function-arity" "^7.8.3"
    "@babel/template" "^7.8.3"
    "@babel/types" "^7.8.3"

"@babel/helper-get-function-arity@^7.8.3":
  version "7.8.3"
  resolved "https://registry.yarnpkg.com/@babel/helper-get-function-arity/-/helper-get-function-arity-7.8.3.tgz#b894b947bd004381ce63ea1db9f08547e920abd5"
  dependencies:
    "@babel/types" "^7.8.3"

"@babel/helper-member-expression-to-functions@^7.8.3":
  version "7.8.3"
  resolved "https://registry.yarnpkg.com/@babel/helper-member-expression-to-functions/-/helper-member-expression-to-functions-7.8.3.tgz#659b710498ea6c1d9907e0c73f206eee7dadc24c"
  dependencies:
    "@babel/types" "^7.8.3"

"@babel/helper-optimise-call-expression@^7.8.3":
  version "7.8.3"
  resolved "https://registry.yarnpkg.com/@babel/helper-optimise-call-expression/-/helper-optimise-call-expression-7.8.3.tgz#7ed071813d09c75298ef4f208956006b6111ecb9"
  dependencies:
    "@babel/types" "^7.8.3"

"@babel/helper-plugin-utils@^7.8.3":
  version "7.8.3"
  resolved "https://registry.yarnpkg.com/@babel/helper-plugin-utils/-/helper-plugin-utils-7.8.3.tgz#9ea293be19babc0f52ff8ca88b34c3611b208670"

"@babel/helper-replace-supers@^7.8.6":
  version "7.8.6"
  resolved "https://registry.yarnpkg.com/@babel/helper-replace-supers/-/helper-replace-supers-7.8.6.tgz#5ada744fd5ad73203bf1d67459a27dcba67effc8"
  dependencies:
    "@babel/helper-member-expression-to-functions" "^7.8.3"
    "@babel/helper-optimise-call-expression" "^7.8.3"
    "@babel/traverse" "^7.8.6"
    "@babel/types" "^7.8.6"

"@babel/helper-split-export-declaration@^7.8.3":
  version "7.8.3"
  resolved "https://registry.yarnpkg.com/@babel/helper-split-export-declaration/-/helper-split-export-declaration-7.8.3.tgz#31a9f30070f91368a7182cf05f831781065fc7a9"
  dependencies:
    "@babel/types" "^7.8.3"

"@babel/highlight@^7.8.3":
  version "7.8.3"
  resolved "https://registry.yarnpkg.com/@babel/highlight/-/highlight-7.8.3.tgz#28f173d04223eaaa59bc1d439a3836e6d1265797"
  dependencies:
    chalk "^2.0.0"
    esutils "^2.0.2"
    js-tokens "^4.0.0"

"@babel/parser@^7.8.6":
  version "7.8.6"
  resolved "https://registry.yarnpkg.com/@babel/parser/-/parser-7.8.6.tgz#ba5c9910cddb77685a008e3c587af8d27b67962c"

"@babel/plugin-proposal-class-properties@^7.8.3":
  version "7.8.3"
  resolved "https://registry.yarnpkg.com/@babel/plugin-proposal-class-properties/-/plugin-proposal-class-properties-7.8.3.tgz#5e06654af5cd04b608915aada9b2a6788004464e"
  dependencies:
    "@babel/helper-create-class-features-plugin" "^7.8.3"
    "@babel/helper-plugin-utils" "^7.8.3"

"@babel/template@^7.8.3":
  version "7.8.6"
  resolved "https://registry.yarnpkg.com/@babel/template/-/template-7.8.6.tgz#86b22af15f828dfb086474f964dcc3e39c43ce2b"
  dependencies:
    "@babel/code-frame" "^7.8.3"
    "@babel/parser" "^7.8.6"
    "@babel/types" "^7.8.6"

"@babel/traverse@^7.8.6":
  version "7.8.6"
  resolved "https://registry.yarnpkg.com/@babel/traverse/-/traverse-7.8.6.tgz#acfe0c64e1cd991b3e32eae813a6eb564954b5ff"
  dependencies:
    "@babel/code-frame" "^7.8.3"
    "@babel/generator" "^7.8.6"
    "@babel/helper-function-name" "^7.8.3"
    "@babel/helper-split-export-declaration" "^7.8.3"
    "@babel/parser" "^7.8.6"
    "@babel/types" "^7.8.6"
    debug "^4.1.0"
    globals "^11.1.0"
    lodash "^4.17.13"

"@babel/types@^7.8.3", "@babel/types@^7.8.6":
  version "7.8.6"
  resolved "https://registry.yarnpkg.com/@babel/types/-/types-7.8.6.tgz#629ecc33c2557fcde7126e58053127afdb3e6d01"
  dependencies:
    esutils "^2.0.2"
    lodash "^4.17.13"
    to-fast-properties "^2.0.0"

ansi-styles@^3.2.1:
  version "3.2.1"
  resolved "https://registry.yarnpkg.com/ansi-styles/-/ansi-styles-3.2.1.tgz#41fbb20243e50b12be0f04b8dedbf07520ce841d"
  dependencies:
    color-convert "^1.9.0"

chalk@^2.0.0:
  version "2.4.2"
  resolved "https://registry.yarnpkg.com/chalk/-/chalk-2.4.2.tgz#cd42541677a54333cf541a49108c1432b44c9424"
  dependencies:
    ansi-styles "^3.2.1"
    escape-string-regexp "^1.0.5"
    supports-color "^5.3.0"

color-convert@^1.9.0:
  version "1.9.3"
  resolved "https://registry.yarnpkg.com/color-convert/-/color-convert-1.9.3.tgz#bb71850690e1f136567de629d2d5471deda4c1e8"
  dependencies:
    color-name "1.1.3"

color-name@1.1.3:
  version "1.1.3"
  resolved "https://registry.yarnpkg.com/color-name/-/color-name-1.1.3.tgz#a7d0558bd89c42f795dd42328f740831ca53bc25"

debug@^4.1.0:
  version "4.1.1"
  resolved "https://registry.yarnpkg.com/debug/-/debug-4.1.1.tgz#3b72260255109c6b589cee050f1d516139664791"
  dependencies:
    ms "^2.1.1"

escape-string-regexp@^1.0.5:
  version "1.0.5"
  resolved "https://registry.yarnpkg.com/escape-string-regexp/-/escape-string-regexp-1.0.5.tgz#1b61c0562190a8dff6ae3bb2cf0200ca130b86d4"

esutils@^2.0.2:
  version "2.0.3"
  resolved "https://registry.yarnpkg.com/esutils/-/esutils-2.0.3.tgz#74d2eb4de0b8da1293711910d50775b9b710ef64"

globals@^11.1.0:
  version "11.12.0"
  resolved "https://registry.yarnpkg.com/globals/-/globals-11.12.0.tgz#ab8795338868a0babd8525758018c2a7eb95c42e"

has-flag@^3.0.0:
  version "3.0.0"
  resolved "https://registry.yarnpkg.com/has-flag/-/has-flag-3.0.0.tgz#b5d454dc2199ae225699f3467e5a07f3b955bafd"

js-tokens@^4.0.0:
  version "4.0.0"
  resolved "https://registry.yarnpkg.com/js-tokens/-/js-tokens-4.0.0.tgz#19203fb59991df98e3a287050d4647cdeaf32499"

jsesc@^2.5.1:
  version "2.5.2"
  resolved "https://registry.yarnpkg.com/jsesc/-/jsesc-2.5.2.tgz#80564d2e483dacf6e8ef209650a67df3f0c283a4"

lodash@^4.17.13:
  version "4.17.15"
  resolved "https://registry.yarnpkg.com/lodash/-/lodash-4.17.15.tgz#b447f6670a0455bbfeedd11392eff330ea097548"

ms@^2.1.1:
  version "2.1.2"
  resolved "https://registry.yarnpkg.com/ms/-/ms-2.1.2.tgz#d09d1f357b443f493382a8eb3ccd183872ae6009"

source-map@^0.5.0:
  version "0.5.7"
  resolved "https://registry.yarnpkg.com/source-map/-/source-map-0.5.7.tgz#8a039d2d1021d22d1ea14c80d8ea468ba2ef3fcc"

supports-color@^5.3.0:
  version "5.5.0"
  resolved "https://registry.yarnpkg.com/supports-color/-/supports-color-5.5.0.tgz#e2e69a44ac8772f78a1ec0b35b689df6530efc8f"
  dependencies:
    has-flag "^3.0.0"

to-fast-properties@^2.0.0:
  version "2.0.0"
  resolved "https://registry.yarnpkg.com/to-fast-properties/-/to-fast-properties-2.0.0.tgz#dc5e698cbd079265bc73e0377681a4e4e83f616e"
